
Microsoft Visual Studio Solution File, Format Version 12.00
Project("{FAE04EC0-301F-11D3-BF4B-00C04F79EFBC}") = "Program", "Program\Program.csproj", "{B9E69F0C-CE0E-4C9B-937F-E125FAF42E05}"
EndProject
Project("{FAE04EC0-301F-11D3-BF4B-00C04F79EFBC}") = "Server", "Server\Server.csproj", "{0642DBA3-3EC3-437D-99D1-B9FD979C29B4}"
EndProject
Global
	GlobalSection(SolutionConfigurationPlatforms) = preSolution
		Debug|Any CPU = Debug|Any CPU
		Release|Any CPU = Release|Any CPU
	EndGlobalSection
	GlobalSection(ProjectConfigurationPlatforms) = postSolution
		{B9E69F0C-CE0E-4C9B-937F-E125FAF42E05}.Debug|Any CPU.ActiveCfg = Debug|Any CPU
		{B9E69F0C-CE0E-4C9B-937F-E125FAF42E05}.Debug|Any CPU.Build.0 = Debug|Any CPU
		{B9E69F0C-CE0E-4C9B-937F-E125FAF42E05}.Release|Any CPU.ActiveCfg = Release|Any CPU
		{B9E69F0C-CE0E-4C9B-937F-E125FAF42E05}.Release|Any CPU.Build.0 = Release|Any CPU
		{0642DBA3-3EC3-437D-99D1-B9FD979C29B4}.Debug|Any CPU.ActiveCfg = Debug|Any CPU
		{0642DBA3-3EC3-437D-99D1-B9FD979C29B4}.Debug|Any CPU.Build.0 = Debug|Any CPU
		{0642DBA3-3EC3-437D-99D1-B9FD979C29B4}.Release|Any CPU.ActiveCfg = Release|Any CPU
		{0642DBA3-3EC3-437D-99D1-B9FD979C29B4}.Release|Any CPU.Build.0 = Release|Any CPU
	EndGlobalSection
EndGlobal
